Microsoft Visual Studio Solution File, Format Version 12.00
# Visual Studio Version 17
VisualStudioVersion = 17.5.2.0
MinimumVisualStudioVersion = 10.0.40219.1
Project("{FAE04EC0-301F-11D3-BF4B-00C04F79EFBC}") = "ApiTarefas", "ApiTarefas.csproj", "{7775F4CA-BD2C-8038-FB38-8C2262CFAE2C}"
EndProject
Global
	GlobalSection(SolutionConfigurationPlatforms) = preSolution
		Debug|Any CPU = Debug|Any CPU
		Release|Any CPU = Release|Any CPU
	EndGlobalSection
	GlobalSection(ProjectConfigurationPlatforms) = postSolution
		{7775F4CA-BD2C-8038-FB38-8C2262CFAE2C}.Debug|Any CPU.ActiveCfg = Debug|Any CPU
		{7775F4CA-BD2C-8038-FB38-8C2262CFAE2C}.Debug|Any CPU.Build.0 = Debug|Any CPU
		{7775F4CA-BD2C-8038-FB38-8C2262CFAE2C}.Release|Any CPU.ActiveCfg = Release|Any CPU
		{7775F4CA-BD2C-8038-FB38-8C2262CFAE2C}.Release|Any CPU.Build.0 = Release|Any CPU
	EndGlobalSection
	GlobalSection(SolutionProperties) = preSolution
		HideSolutionNode = FALSE
	EndGlobalSection
	GlobalSection(ExtensibilityGlobals) = postSolution
		SolutionGuid = {094F4BF4-585C-485F-A87C-7AB101F75C0C}
	EndGlobalSection
EndGlobal
